PODS:
  - EAN13BarcodeGenerator (0.2.0)

DEPENDENCIES:
  - EAN13BarcodeGenerator (from `../../`)

EXTERNAL SOURCES:
  EAN13BarcodeGenerator:
    :path: "../../"

SPEC CHECKSUMS:
  EAN13BarcodeGenerator: 12b631a584f1133bed96fa2817a0bacca2925b2f

PODFILE CHECKSUM: d56c0663c96d7ad9cdc9cf9322cd4b847a57aad9

COCOAPODS: 1.5.3
